
Microsoft Visual Studio Solution File, Format Version 12.00
# Visual Studio 2013
VisualStudioVersion = 12.0.31101.0
MinimumVisualStudioVersion = 10.0.40219.1
Project("{FAE04EC0-301F-11D3-BF4B-00C04F79EFBC}") = "RealArm", "RealArm\RealArm.csproj", "{9969662F-725C-445B-B5C4-9A6D2420CF13}"
EndProject
Project("{FAE04EC0-301F-11D3-BF4B-00C04F79EFBC}") = "RealArmFrontEnd", "RealArmFrontEnd\RealArmFrontEnd.csproj", "{C0B28983-CE61-418B-AEBB-2F03C2CC44AE}"
EndProject
Project("{FAE04EC0-301F-11D3-BF4B-00C04F79EFBC}") = "TestOwi535", "TestOwi535\TestOwi535.csproj", "{8677C131-8C1B-4CB8-B940-9081F0FFAC30}"
EndProject
Project("{FAE04EC0-301F-11D3-BF4B-00C04F79EFBC}") = "TestOwi535Tests", "TestOwi535Tests\TestOwi535Tests.csproj", "{B86A6252-EE9F-4113-8248-9E49A391AD39}"
EndProject
Global
	GlobalSection(SolutionConfigurationPlatforms) = preSolution
		Debug|Any CPU = Debug|Any CPU
		Debug|Mixed Platforms = Debug|Mixed Platforms
		Debug|x86 = Debug|x86
		Release|Any CPU = Release|Any CPU
		Release|Mixed Platforms = Release|Mixed Platforms
		Release|x86 = Release|x86
	EndGlobalSection
	GlobalSection(ProjectConfigurationPlatforms) = postSolution
		{9969662F-725C-445B-B5C4-9A6D2420CF13}.Debug|Any CPU.ActiveCfg = Debug|Any CPU
		{9969662F-725C-445B-B5C4-9A6D2420CF13}.Debug|Any CPU.Build.0 = Debug|Any CPU
		{9969662F-725C-445B-B5C4-9A6D2420CF13}.Debug|Mixed Platforms.ActiveCfg = Debug|Any CPU
		{9969662F-725C-445B-B5C4-9A6D2420CF13}.Debug|Mixed Platforms.Build.0 = Debug|Any CPU
		{9969662F-725C-445B-B5C4-9A6D2420CF13}.Debug|x86.ActiveCfg = Debug|Any CPU
		{9969662F-725C-445B-B5C4-9A6D2420CF13}.Release|Any CPU.ActiveCfg = Release|Any CPU
		{9969662F-725C-445B-B5C4-9A6D2420CF13}.Release|Any CPU.Build.0 = Release|Any CPU
		{9969662F-725C-445B-B5C4-9A6D2420CF13}.Release|Mixed Platforms.ActiveCfg = Release|Any CPU
		{9969662F-725C-445B-B5C4-9A6D2420CF13}.Release|Mixed Platforms.Build.0 = Release|Any CPU
		{9969662F-725C-445B-B5C4-9A6D2420CF13}.Release|x86.ActiveCfg = Release|Any CPU
		{C0B28983-CE61-418B-AEBB-2F03C2CC44AE}.Debug|Any CPU.ActiveCfg = Debug|Any CPU
		{C0B28983-CE61-418B-AEBB-2F03C2CC44AE}.Debug|Any CPU.Build.0 = Debug|Any CPU
		{C0B28983-CE61-418B-AEBB-2F03C2CC44AE}.Debug|Mixed Platforms.ActiveCfg = Debug|Any CPU
		{C0B28983-CE61-418B-AEBB-2F03C2CC44AE}.Debug|Mixed Platforms.Build.0 = Debug|Any CPU
		{C0B28983-CE61-418B-AEBB-2F03C2CC44AE}.Debug|x86.ActiveCfg = Debug|Any CPU
		{C0B28983-CE61-418B-AEBB-2F03C2CC44AE}.Release|Any CPU.ActiveCfg = Release|Any CPU
		{C0B28983-CE61-418B-AEBB-2F03C2CC44AE}.Release|Any CPU.Build.0 = Release|Any CPU
		{C0B28983-CE61-418B-AEBB-2F03C2CC44AE}.Release|Mixed Platforms.ActiveCfg = Release|Any CPU
		{C0B28983-CE61-418B-AEBB-2F03C2CC44AE}.Release|Mixed Platforms.Build.0 = Release|Any CPU
		{C0B28983-CE61-418B-AEBB-2F03C2CC44AE}.Release|x86.ActiveCfg = Release|Any CPU
		{8677C131-8C1B-4CB8-B940-9081F0FFAC30}.Debug|Any CPU.ActiveCfg = Debug|x86
		{8677C131-8C1B-4CB8-B940-9081F0FFAC30}.Debug|Mixed Platforms.ActiveCfg = Debug|x86
		{8677C131-8C1B-4CB8-B940-9081F0FFAC30}.Debug|Mixed Platforms.Build.0 = Debug|x86
		{8677C131-8C1B-4CB8-B940-9081F0FFAC30}.Debug|x86.ActiveCfg = Debug|x86
		{8677C131-8C1B-4CB8-B940-9081F0FFAC30}.Debug|x86.Build.0 = Debug|x86
		{8677C131-8C1B-4CB8-B940-9081F0FFAC30}.Release|Any CPU.ActiveCfg = Release|x86
		{8677C131-8C1B-4CB8-B940-9081F0FFAC30}.Release|Mixed Platforms.ActiveCfg = Release|x86
		{8677C131-8C1B-4CB8-B940-9081F0FFAC30}.Release|Mixed Platforms.Build.0 = Release|x86
		{8677C131-8C1B-4CB8-B940-9081F0FFAC30}.Release|x86.ActiveCfg = Release|x86
		{8677C131-8C1B-4CB8-B940-9081F0FFAC30}.Release|x86.Build.0 = Release|x86
		{B86A6252-EE9F-4113-8248-9E49A391AD39}.Debug|Any CPU.ActiveCfg = Debug|Any CPU
		{B86A6252-EE9F-4113-8248-9E49A391AD39}.Debug|Any CPU.Build.0 = Debug|Any CPU
		{B86A6252-EE9F-4113-8248-9E49A391AD39}.Debug|Mixed Platforms.ActiveCfg = Debug|Any CPU
		{B86A6252-EE9F-4113-8248-9E49A391AD39}.Debug|Mixed Platforms.Build.0 = Debug|Any CPU
		{B86A6252-EE9F-4113-8248-9E49A391AD39}.Debug|x86.ActiveCfg = Debug|Any CPU
		{B86A6252-EE9F-4113-8248-9E49A391AD39}.Release|Any CPU.ActiveCfg = Release|Any CPU
		{B86A6252-EE9F-4113-8248-9E49A391AD39}.Release|Any CPU.Build.0 = Release|Any CPU
		{B86A6252-EE9F-4113-8248-9E49A391AD39}.Release|Mixed Platforms.ActiveCfg = Release|Any CPU
		{B86A6252-EE9F-4113-8248-9E49A391AD39}.Release|Mixed Platforms.Build.0 = Release|Any CPU
		{B86A6252-EE9F-4113-8248-9E49A391AD39}.Release|x86.ActiveCfg = Release|Any CPU
	EndGlobalSection
	GlobalSection(SolutionProperties) = preSolution
		HideSolutionNode = FALSE
	EndGlobalSection
EndGlobal
